
Microsoft Visual Studio Solution File, Format Version 12.00
# Visual Studio 15
VisualStudioVersion = 15.0.27004.2009
MinimumVisualStudioVersion = 10.0.40219.1
Project("{FAE04EC0-301F-11D3-BF4B-00C04F79EFBC}") = "Dyg.Core", "Dyg.Core\Dyg.Core.csproj", "{DD087386-CC94-4C36-B426-8943C9A07EA5}"
EndProject
Project("{FAE04EC0-301F-11D3-BF4B-00C04F79EFBC}") = "Dyg.Web", "Dyg.Web\Dyg.Web.csproj", "{B4C03D5B-F746-4A61-8A5A-B7C88710DABC}"
EndProject
Project("{FAE04EC0-301F-11D3-BF4B-00C04F79EFBC}") = "Dyg.Admin", "Dyg.Admin\Dyg.Admin.csproj", "{BD8ED55B-88FC-4C0F-868A-C9F05DF8EC9C}"
EndProject
Global
	GlobalSection(SolutionConfigurationPlatforms) = preSolution
		Debug|Any CPU = Debug|Any CPU
		Release|Any CPU = Release|Any CPU
	EndGlobalSection
	GlobalSection(ProjectConfigurationPlatforms) = postSolution
		{DD087386-CC94-4C36-B426-8943C9A07EA5}.Debug|Any CPU.ActiveCfg = Debug|Any CPU
		{DD087386-CC94-4C36-B426-8943C9A07EA5}.Debug|Any CPU.Build.0 = Debug|Any CPU
		{DD087386-CC94-4C36-B426-8943C9A07EA5}.Release|Any CPU.ActiveCfg = Release|Any CPU
		{DD087386-CC94-4C36-B426-8943C9A07EA5}.Release|Any CPU.Build.0 = Release|Any CPU
		{B4C03D5B-F746-4A61-8A5A-B7C88710DABC}.Debug|Any CPU.ActiveCfg = Debug|Any CPU
		{B4C03D5B-F746-4A61-8A5A-B7C88710DABC}.Debug|Any CPU.Build.0 = Debug|Any CPU
		{B4C03D5B-F746-4A61-8A5A-B7C88710DABC}.Release|Any CPU.ActiveCfg = Release|Any CPU
		{B4C03D5B-F746-4A61-8A5A-B7C88710DABC}.Release|Any CPU.Build.0 = Release|Any CPU
		{BD8ED55B-88FC-4C0F-868A-C9F05DF8EC9C}.Debug|Any CPU.ActiveCfg = Debug|Any CPU
		{BD8ED55B-88FC-4C0F-868A-C9F05DF8EC9C}.Debug|Any CPU.Build.0 = Debug|Any CPU
		{BD8ED55B-88FC-4C0F-868A-C9F05DF8EC9C}.Release|Any CPU.ActiveCfg = Release|Any CPU
		{BD8ED55B-88FC-4C0F-868A-C9F05DF8EC9C}.Release|Any CPU.Build.0 = Release|Any CPU
	EndGlobalSection
	GlobalSection(SolutionProperties) = preSolution
		HideSolutionNode = FALSE
	EndGlobalSection
	GlobalSection(ExtensibilityGlobals) = postSolution
		SolutionGuid = {44F53F07-40B6-4374-83E7-F780B84F1687}
	EndGlobalSection
EndGlobal
